# THIS IS AN AUTOGENERATED FILE. DO NOT EDIT THIS FILE DIRECTLY.
# yarn lockfile v1


dayjs@^1.10.7:
  version "1.11.11"
  resolved "https://registry.npmmirror.com/dayjs/-/dayjs-1.11.11.tgz#dfe0e9d54c5f8b68ccf8ca5f72ac603e7e5ed59e"
  integrity sha512-okzr3f11N6WuqYtZSvm+F776mB41wRZMhKP+hc34YdW+KmtYYK9iqvHSwo2k9FEH3fhGXvOPV6yz2IcSrfRUDg==

tdesign-miniprogram@^1.4.2:
  version "1.4.2"
  resolved "https://registry.npmmirror.com/tdesign-miniprogram/-/tdesign-miniprogram-1.4.2.tgz#c634d9fba7f865fe7d887171d7c781d60672eef1"
  integrity sha512-TBNtOA0Mvpc5HEHQsKhFOsZp8HJLlO1PiHDLmi/i+b8Fmx0euVsGbZlTd/vaBLXPcQ07bpBf1i5z2pXpeov0hA==
  dependencies:
    dayjs "^1.10.7"
